{
  "version": 4,
  "terraform_version": "1.3.7",
  "serial": 3,
  "lineage": "076b89e0-57d9-a443-f905-dd5e73ac8dd9",
  "outputs": {},
  "resources": [
    {
      "mode": "managed",
      "type": "google_bigquery_dataset",
      "name": "dataset",
      "provider": "provider[\"registry.terraform.io/hashicorp/google\"]",
      "instances": [
        {
          "schema_version": 0,
          "attributes": {
            "access": [
              {
                "dataset": [],
                "domain": "",
                "group_by_email": "",
                "role": "OWNER",
                "routine": [],
                "special_group": "",
                "user_by_email": "udobongeme4@gmail.com",
                "view": []
              },
              {
                "dataset": [],
                "domain": "",
                "group_by_email": "",
                "role": "OWNER",
                "routine": [],
                "special_group": "projectOwners",
                "user_by_email": "",
                "view": []
              },
              {
                "dataset": [],
                "domain": "",
                "group_by_email": "",
                "role": "READER",
                "routine": [],
                "special_group": "projectReaders",
                "user_by_email": "",
                "view": []
              },
              {
                "dataset": [],
                "domain": "",
                "group_by_email": "",
                "role": "WRITER",
                "routine": [],
                "special_group": "projectWriters",
                "user_by_email": "",
                "view": []
              }
            ],
            "creation_time": 1675360990012,
            "dataset_id": "trips_data_all",
            "default_encryption_configuration": [],
            "default_partition_expiration_ms": 5184000000,
            "default_table_expiration_ms": 5184000000,
            "delete_contents_on_destroy": false,
            "description": "",
            "etag": "3UjRplkGa4XnCEBhKISvUA==",
            "friendly_name": "",
            "id": "projects/ferrous-phoenix-376516/datasets/trips_data_all",
            "labels": {},
            "last_modified_time": 1675360990012,
            "location": "europe-west6",
            "max_time_travel_hours": "",
            "project": "ferrous-phoenix-376516",
            "self_link": "https://bigquery.googleapis.com/bigquery/v2/projects/ferrous-phoenix-376516/datasets/trips_data_all",
            "timeouts": null
          },
          "sensitive_attributes": [],
          "private": "eyJlMmJmYjczMC1lY2FhLTExZTYtOGY4OC0zNDM2M2JjN2M0YzAiOnsiY3JlYXRlIjoxMjAwMDAwMDAwMDAwLCJkZWxldGUiOjEyMDAwMDAwMDAwMDAsInVwZGF0ZSI6MTIwMDAwMDAwMDAwMH19"
        }
      ]
    }
  ],
  "check_results": null
}
